
Microsoft Visual Studio Solution File, Format Version 12.00
# Visual Studio 15
VisualStudioVersion = 15.0.27130.2027
MinimumVisualStudioVersion = 10.0.40219.1
Project("{FAE04EC0-301F-11D3-BF4B-00C04F79EFBC}") = "RogueLikeEngine", "RogueLikeEngine\RogueLikeEngine.csproj", "{5A1C1318-EEF8-4E91-84DD-684EF5F6321D}"
EndProject
Project("{FAE04EC0-301F-11D3-BF4B-00C04F79EFBC}") = "DungeonEngine", "DungeonEngine\DungeonEngine.csproj", "{B697E2BE-CD2F-4DE6-9F65-C6086D17F777}"
EndProject
Global
	GlobalSection(SolutionConfigurationPlatforms) = preSolution
		Debug|Any CPU = Debug|Any CPU
		Release|Any CPU = Release|Any CPU
	EndGlobalSection
	GlobalSection(ProjectConfigurationPlatforms) = postSolution
		{5A1C1318-EEF8-4E91-84DD-684EF5F6321D}.Debug|Any CPU.ActiveCfg = Debug|Any CPU
		{5A1C1318-EEF8-4E91-84DD-684EF5F6321D}.Debug|Any CPU.Build.0 = Debug|Any CPU
		{5A1C1318-EEF8-4E91-84DD-684EF5F6321D}.Release|Any CPU.ActiveCfg = Release|Any CPU
		{5A1C1318-EEF8-4E91-84DD-684EF5F6321D}.Release|Any CPU.Build.0 = Release|Any CPU
		{B697E2BE-CD2F-4DE6-9F65-C6086D17F777}.Debug|Any CPU.ActiveCfg = Debug|Any CPU
		{B697E2BE-CD2F-4DE6-9F65-C6086D17F777}.Debug|Any CPU.Build.0 = Debug|Any CPU
		{B697E2BE-CD2F-4DE6-9F65-C6086D17F777}.Release|Any CPU.ActiveCfg = Release|Any CPU
		{B697E2BE-CD2F-4DE6-9F65-C6086D17F777}.Release|Any CPU.Build.0 = Release|Any CPU
	EndGlobalSection
	GlobalSection(SolutionProperties) = preSolution
		HideSolutionNode = FALSE
	EndGlobalSection
	GlobalSection(ExtensibilityGlobals) = postSolution
		SolutionGuid = {E833B49A-CCEA-4FD6-8487-B3DDC7E0BD65}
	EndGlobalSection
EndGlobal
